
Microsoft Visual Studio Solution File, Format Version 12.00
# Visual Studio Version 16
VisualStudioVersion = 16.0.32413.511
MinimumVisualStudioVersion = 10.0.40219.1
Project("{FAE04EC0-301F-11D3-BF4B-00C04F79EFBC}") = "PasswordBank", "PasswordBank\PasswordBank.csproj", "{E5C24311-9DA1-47AD-86D3-5764A6E31555}"
EndProject
Global
	GlobalSection(SolutionConfigurationPlatforms) = preSolution
		Debug|Any CPU = Debug|Any CPU
		Release|Any CPU = Release|Any CPU
	EndGlobalSection
	GlobalSection(ProjectConfigurationPlatforms) = postSolution
		{E5C24311-9DA1-47AD-86D3-5764A6E31555}.Debug|Any CPU.ActiveCfg = Debug|Any CPU
		{E5C24311-9DA1-47AD-86D3-5764A6E31555}.Debug|Any CPU.Build.0 = Debug|Any CPU
		{E5C24311-9DA1-47AD-86D3-5764A6E31555}.Release|Any CPU.ActiveCfg = Release|Any CPU
		{E5C24311-9DA1-47AD-86D3-5764A6E31555}.Release|Any CPU.Build.0 = Release|Any CPU
	EndGlobalSection
	GlobalSection(SolutionProperties) = preSolution
		HideSolutionNode = FALSE
	EndGlobalSection
	GlobalSection(ExtensibilityGlobals) = postSolution
		SolutionGuid = {40BCD66A-CC3A-48BC-85CA-D22CA5754664}
	EndGlobalSection
EndGlobal
